
Microsoft Visual Studio Solution File, Format Version 12.00
# Visual Studio 15
VisualStudioVersion = 15.0.28010.2036
MinimumVisualStudioVersion = 10.0.40219.1
Project("{FAE04EC0-301F-11D3-BF4B-00C04F79EFBC}") = "Banking", "Banking\Banking.csproj", "{7D117053-D7D7-409E-92F4-DEEBC8FF656A}"
EndProject
Project("{2150E333-8FDC-42A3-9474-1A3956D46DE8}") = "test", "test", "{95CD11AD-A8F5-4958-AFD0-11C867F51C0F}"
EndProject
Project("{2150E333-8FDC-42A3-9474-1A3956D46DE8}") = "source", "source", "{4DA67603-C48F-4912-82A8-2978DF789910}"
EndProject
Project("{FAE04EC0-301F-11D3-BF4B-00C04F79EFBC}") = "Banking.domain", "Banking.domain\Banking.domain.csproj", "{65E3CE60-9A37-4F1D-AF37-A72FCF8BBD01}"
EndProject
Global
	GlobalSection(SolutionConfigurationPlatforms) = preSolution
		Debug|Any CPU = Debug|Any CPU
		Release|Any CPU = Release|Any CPU
	EndGlobalSection
	GlobalSection(ProjectConfigurationPlatforms) = postSolution
		{7D117053-D7D7-409E-92F4-DEEBC8FF656A}.Debug|Any CPU.ActiveCfg = Debug|Any CPU
		{7D117053-D7D7-409E-92F4-DEEBC8FF656A}.Debug|Any CPU.Build.0 = Debug|Any CPU
		{7D117053-D7D7-409E-92F4-DEEBC8FF656A}.Release|Any CPU.ActiveCfg = Release|Any CPU
		{7D117053-D7D7-409E-92F4-DEEBC8FF656A}.Release|Any CPU.Build.0 = Release|Any CPU
		{65E3CE60-9A37-4F1D-AF37-A72FCF8BBD01}.Debug|Any CPU.ActiveCfg = Debug|Any CPU
		{65E3CE60-9A37-4F1D-AF37-A72FCF8BBD01}.Debug|Any CPU.Build.0 = Debug|Any CPU
		{65E3CE60-9A37-4F1D-AF37-A72FCF8BBD01}.Release|Any CPU.ActiveCfg = Release|Any CPU
		{65E3CE60-9A37-4F1D-AF37-A72FCF8BBD01}.Release|Any CPU.Build.0 = Release|Any CPU
	EndGlobalSection
	GlobalSection(SolutionProperties) = preSolution
		HideSolutionNode = FALSE
	EndGlobalSection
	GlobalSection(NestedProjects) = preSolution
		{7D117053-D7D7-409E-92F4-DEEBC8FF656A} = {4DA67603-C48F-4912-82A8-2978DF789910}
		{65E3CE60-9A37-4F1D-AF37-A72FCF8BBD01} = {4DA67603-C48F-4912-82A8-2978DF789910}
	EndGlobalSection
	GlobalSection(ExtensibilityGlobals) = postSolution
		SolutionGuid = {F92AD58E-DED2-427E-8756-BDFDA9696A66}
	EndGlobalSection
EndGlobal
